schema: '2.0'
stages:
  data_ingestion:
    cmd: python src/data_ingestion.py
    deps:
    - path: laptop_data.csv
      hash: md5
      md5: 59d14f391d90610a5e63bc3e48d38962
      size: 182053
    - path: params.yaml
      hash: md5
      md5: fb5fd7f56bf31dbea7d69759700c7412
      size: 135
    - path: src/data_ingestion.py
      hash: md5
      md5: 4a954f842e071c5cc9159911de1f5d68
      size: 1098
    outs:
    - path: data/raw/test_data.csv
      hash: md5
      md5: 4c98af6e3ab981282cb4f9f3c995f1e1
      size: 35078
    - path: data/raw/train_data.csv
      hash: md5
      md5: dea93711196ba3bed1a8dddf15f09125
      size: 139334
  data_preprocessing:
    cmd: python src/data_preprocessing.py
    deps:
    - path: data/raw/test_data.csv
      hash: md5
      md5: 4c98af6e3ab981282cb4f9f3c995f1e1
      size: 35078
    - path: data/raw/train_data.csv
      hash: md5
      md5: dea93711196ba3bed1a8dddf15f09125
      size: 139334
    - path: src/data_preprocessing.py
      hash: md5
      md5: 264e09e83d411dc5d1dc6758f78e7e25
      size: 3698
    outs:
    - path: data/processed/test_processed.csv
      hash: md5
      md5: 918b27be1d33549b7cf6ad515525ba4e
      size: 24146
    - path: data/processed/train_processed.csv
      hash: md5
      md5: 79d6e2f428b67ea172cb83b93f6e4fe1
      size: 95681
  model_training:
    cmd: python src/model_trainer.py
    deps:
    - path: data/processed/train_processed.csv
      hash: md5
      md5: 79d6e2f428b67ea172cb83b93f6e4fe1
      size: 95681
    - path: params.yaml
      hash: md5
      md5: fb5fd7f56bf31dbea7d69759700c7412
      size: 135
    - path: src/model_trainer.py
      hash: md5
      md5: b7ff5856f630b8f8bd52b8af8ef8f3ea
      size: 2353
    outs:
    - path: models/model.pkl
      hash: md5
      md5: 8c2d13087cc72735093dcae50793dad5
      size: 1814058
  model_evaluation:
    cmd: python src/model_evaluation.py
    deps:
    - path: data/processed/test_processed.csv
      hash: md5
      md5: 918b27be1d33549b7cf6ad515525ba4e
      size: 24146
    - path: models/model.pkl
      hash: md5
      md5: 8c2d13087cc72735093dcae50793dad5
      size: 1814058
    - path: src/model_evaluation.py
      hash: md5
      md5: 6a08c67a7602495e0fea817381b10780
      size: 1944
    outs:
    - path: metrics/evaluation.yaml
      hash: md5
      md5: b38f2e8ad26fe6ca15cb210edadd9a2c
      size: 55
  register_model:
    cmd: py src/register_model.py
    deps:
    - path: metrics/evaluation.yaml
      hash: md5
      md5: b38f2e8ad26fe6ca15cb210edadd9a2c
      size: 55
    - path: models/model.pkl
      hash: md5
      md5: 8c2d13087cc72735093dcae50793dad5
      size: 1814058
    - path: src/register_model.py
      hash: md5
      md5: b175c7ac6dc12c99627fbea957d40383
      size: 2154
