schema: '2.0'
stages:
  data_ingestion:
    cmd: python src/data_ingestion.py
    deps:
    - path: laptop_data.csv
      hash: md5
      md5: 59d14f391d90610a5e63bc3e48d38962
      size: 182053
    - path: params.yaml
      hash: md5
      md5: 4c21107e0aab685ff3abc116dbd590b0
      size: 136
    - path: src/data_ingestion.py
      hash: md5
      md5: 4a954f842e071c5cc9159911de1f5d68
      size: 1098
    outs:
    - path: data/raw/test_data.csv
      hash: md5
      md5: 4c98af6e3ab981282cb4f9f3c995f1e1
      size: 35078
    - path: data/raw/train_data.csv
      hash: md5
      md5: dea93711196ba3bed1a8dddf15f09125
      size: 139334
  data_preprocessing:
    cmd: python src/data_preprocessing.py
    deps:
    - path: data/raw/test_data.csv
      hash: md5
      md5: 4c98af6e3ab981282cb4f9f3c995f1e1
      size: 35078
    - path: data/raw/train_data.csv
      hash: md5
      md5: dea93711196ba3bed1a8dddf15f09125
      size: 139334
    - path: src/data_preprocessing.py
      hash: md5
      md5: 264e09e83d411dc5d1dc6758f78e7e25
      size: 3698
    outs:
    - path: data/processed/test_processed.csv
      hash: md5
      md5: 918b27be1d33549b7cf6ad515525ba4e
      size: 24146
    - path: data/processed/train_processed.csv
      hash: md5
      md5: 79d6e2f428b67ea172cb83b93f6e4fe1
      size: 95681
  model_training:
    cmd: python src/model_trainer.py
    deps:
    - path: data/processed/train_processed.csv
      hash: md5
      md5: 79d6e2f428b67ea172cb83b93f6e4fe1
      size: 95681
    - path: params.yaml
      hash: md5
      md5: 4c21107e0aab685ff3abc116dbd590b0
      size: 136
    - path: src/model_trainer.py
      hash: md5
      md5: b7ff5856f630b8f8bd52b8af8ef8f3ea
      size: 2353
    outs:
    - path: models/model.pkl
      hash: md5
      md5: 9611b325ac014cf7514f83bf4cc92c78
      size: 3615777
  model_evaluation:
    cmd: python src/model_evaluation.py
    deps:
    - path: data/processed/test_processed.csv
      hash: md5
      md5: 918b27be1d33549b7cf6ad515525ba4e
      size: 24146
    - path: models/model.pkl
      hash: md5
      md5: 9611b325ac014cf7514f83bf4cc92c78
      size: 3615777
    - path: src/model_evaluation.py
      hash: md5
      md5: 4c1fe1a141ee43f427297adc7b25429b
      size: 1291
    outs:
    - path: metrics/evaluation.yaml
      hash: md5
      md5: 2479e73eb3c7de2900c06853bf63fd8f
      size: 53
